
Microsoft Visual Studio Solution File, Format Version 12.00
Project("{FAE04EC0-301F-11D3-BF4B-00C04F79EFBC}") = "Easify.Extensions.Notifications.MessagingService", "Easify.Extensions.Notifications.MessagingService\Easify.Extensions.Notifications.MessagingService.csproj", "{A75412D9-6464-46E2-84ED-5D90D1DE3A89}"
EndProject
Project("{FAE04EC0-301F-11D3-BF4B-00C04F79EFBC}") = "Easify.Extensions.Notifications.Templating", "Easify.Extensions.Notifications.Templating\Easify.Extensions.Notifications.Templating.csproj", "{AA2C8AD1-8CDB-4AFF-8B40-AD820A24C418}"
EndProject
Project("{FAE04EC0-301F-11D3-BF4B-00C04F79EFBC}") = "Easify.Extensions.Notifications.Templating.HandleBars", "Easify.Extensions.Notifications.Templating.HandleBars\Easify.Extensions.Notifications.Templating.HandleBars.csproj", "{CD731DE7-5E23-41F5-A246-AB554481F1B4}"
EndProject
Project("{FAE04EC0-301F-11D3-BF4B-00C04F79EFBC}") = "Easify.Extensions.Notifications.UnitTests", "Easify.Extensions.Notifications.UnitTests\Easify.Extensions.Notifications.UnitTests.csproj", "{A9BACA44-2133-41C1-8A67-73A393D25654}"
EndProject
Project("{FAE04EC0-301F-11D3-BF4B-00C04F79EFBC}") = "Easify.Extensions.Notifications.Templating.UnitTests", "Easify.Extensions.Notifications.Templating.UnitTests\Easify.Extensions.Notifications.Templating.UnitTests.csproj", "{7DB6F35B-FDD5-49D9-B1B4-94ACBD795930}"
EndProject
Project("{FAE04EC0-301F-11D3-BF4B-00C04F79EFBC}") = "Easify.Extensions.Notifications", "Easify.Extensions.Notifications\Easify.Extensions.Notifications.csproj", "{60381FF9-B2D5-4B94-95BC-E07252C0620B}"
EndProject
Project("{FAE04EC0-301F-11D3-BF4B-00C04F79EFBC}") = "Easify.Extensions.Notifications.Messaging", "Easify.Extensions.Notifications.Messaging\Easify.Extensions.Notifications.Messaging.csproj", "{CD8000BB-78D2-4BAF-9434-2C3A43E76DE7}"
EndProject
Global
	GlobalSection(SolutionConfigurationPlatforms) = preSolution
		Debug|Any CPU = Debug|Any CPU
		Release|Any CPU = Release|Any CPU
	EndGlobalSection
	GlobalSection(ProjectConfigurationPlatforms) = postSolution
		{A75412D9-6464-46E2-84ED-5D90D1DE3A89}.Debug|Any CPU.ActiveCfg = Debug|Any CPU
		{A75412D9-6464-46E2-84ED-5D90D1DE3A89}.Debug|Any CPU.Build.0 = Debug|Any CPU
		{A75412D9-6464-46E2-84ED-5D90D1DE3A89}.Release|Any CPU.ActiveCfg = Release|Any CPU
		{A75412D9-6464-46E2-84ED-5D90D1DE3A89}.Release|Any CPU.Build.0 = Release|Any CPU
		{AA2C8AD1-8CDB-4AFF-8B40-AD820A24C418}.Debug|Any CPU.ActiveCfg = Debug|Any CPU
		{AA2C8AD1-8CDB-4AFF-8B40-AD820A24C418}.Debug|Any CPU.Build.0 = Debug|Any CPU
		{AA2C8AD1-8CDB-4AFF-8B40-AD820A24C418}.Release|Any CPU.ActiveCfg = Release|Any CPU
		{AA2C8AD1-8CDB-4AFF-8B40-AD820A24C418}.Release|Any CPU.Build.0 = Release|Any CPU
		{CD731DE7-5E23-41F5-A246-AB554481F1B4}.Debug|Any CPU.ActiveCfg = Debug|Any CPU
		{CD731DE7-5E23-41F5-A246-AB554481F1B4}.Debug|Any CPU.Build.0 = Debug|Any CPU
		{CD731DE7-5E23-41F5-A246-AB554481F1B4}.Release|Any CPU.ActiveCfg = Release|Any CPU
		{CD731DE7-5E23-41F5-A246-AB554481F1B4}.Release|Any CPU.Build.0 = Release|Any CPU
		{A9BACA44-2133-41C1-8A67-73A393D25654}.Debug|Any CPU.ActiveCfg = Debug|Any CPU
		{A9BACA44-2133-41C1-8A67-73A393D25654}.Debug|Any CPU.Build.0 = Debug|Any CPU
		{A9BACA44-2133-41C1-8A67-73A393D25654}.Release|Any CPU.ActiveCfg = Release|Any CPU
		{A9BACA44-2133-41C1-8A67-73A393D25654}.Release|Any CPU.Build.0 = Release|Any CPU
		{7DB6F35B-FDD5-49D9-B1B4-94ACBD795930}.Debug|Any CPU.ActiveCfg = Debug|Any CPU
		{7DB6F35B-FDD5-49D9-B1B4-94ACBD795930}.Debug|Any CPU.Build.0 = Debug|Any CPU
		{7DB6F35B-FDD5-49D9-B1B4-94ACBD795930}.Release|Any CPU.ActiveCfg = Release|Any CPU
		{7DB6F35B-FDD5-49D9-B1B4-94ACBD795930}.Release|Any CPU.Build.0 = Release|Any CPU
		{60381FF9-B2D5-4B94-95BC-E07252C0620B}.Debug|Any CPU.ActiveCfg = Debug|Any CPU
		{60381FF9-B2D5-4B94-95BC-E07252C0620B}.Debug|Any CPU.Build.0 = Debug|Any CPU
		{60381FF9-B2D5-4B94-95BC-E07252C0620B}.Release|Any CPU.ActiveCfg = Release|Any CPU
		{60381FF9-B2D5-4B94-95BC-E07252C0620B}.Release|Any CPU.Build.0 = Release|Any CPU
		{CD8000BB-78D2-4BAF-9434-2C3A43E76DE7}.Debug|Any CPU.ActiveCfg = Debug|Any CPU
		{CD8000BB-78D2-4BAF-9434-2C3A43E76DE7}.Debug|Any CPU.Build.0 = Debug|Any CPU
		{CD8000BB-78D2-4BAF-9434-2C3A43E76DE7}.Release|Any CPU.ActiveCfg = Release|Any CPU
		{CD8000BB-78D2-4BAF-9434-2C3A43E76DE7}.Release|Any CPU.Build.0 = Release|Any CPU
	EndGlobalSection
EndGlobal
